<?xml version="1.0" encoding="utf-8"?>
<Project ToolsVersion="4.0" xmlns="http://schemas.microsoft.com/developer/msbuild/2003">
  <ItemGroup>
    <Filter Include="源文件">
      <UniqueIdentifier>{4FC737F1-C7A5-4376-A066-2A32D752A2FF}</UniqueIdentifier>
      <Extensions>cpp;c;cc;cxx;c++;cppm;ixx;def;odl;idl;hpj;bat;asm;asmx</Extensions>
    </Filter>
    <Filter Include="头文件">
      <UniqueIdentifier>{93995380-89BD-4b04-88EB-625FBE52EBFB}</UniqueIdentifier>
      <Extensions>h;hh;hpp;hxx;h++;hm;inl;inc;ipp;xsd</Extensions>
    </Filter>
    <Filter Include="资源文件">
      <UniqueIdentifier>{67DA6AB6-F800-4c08-8B7A-83BB121AAD01}</UniqueIdentifier>
      <Extensions>rc;ico;cur;bmp;dlg;rc2;rct;bin;rgs;gif;jpg;jpeg;jpe;resx;tiff;tif;png;wav;mfcribbon-ms</Extensions>
    </Filter>
    <Filter Include="源文件\线性表">
      <UniqueIdentifier>{8d974f31-ef2d-4d8e-82ae-3b058f37b477}</UniqueIdentifier>
    </Filter>
    <Filter Include="源文件\栈与队列">
      <UniqueIdentifier>{56c494a3-cbc2-4b07-af22-f88555c7daa6}</UniqueIdentifier>
    </Filter>
    <Filter Include="源文件\栈与队列\Stack">
      <UniqueIdentifier>{a9180f3c-bf1a-4099-ae31-09e8a22cc70f}</UniqueIdentifier>
    </Filter>
    <Filter Include="源文件\栈与队列\Queue">
      <UniqueIdentifier>{031981d5-8378-414d-a72b-1fec848fca49}</UniqueIdentifier>
    </Filter>
    <Filter Include="源文件\串">
      <UniqueIdentifier>{220169cd-869e-4976-8568-670823a0136d}</UniqueIdentifier>
    </Filter>
    <Filter Include="源文件\树">
      <UniqueIdentifier>{b676a0a3-1f73-4995-a24d-637420769fdb}</UniqueIdentifier>
    </Filter>
    <Filter Include="源文件\图">
      <UniqueIdentifier>{6b337872-c24d-4aae-bf71-5da38c34e1a2}</UniqueIdentifier>
    </Filter>
  </ItemGroup>
  <ItemGroup>
    <ClCompile Include="test_6_4.c">
      <Filter>源文件</Filter>
    </ClCompile>
    <ClCompile Include="线性表_1.c">
      <Filter>源文件\线性表</Filter>
    </ClCompile>
    <ClCompile Include="线性表_链式存储_1.c">
      <Filter>源文件\线性表</Filter>
    </ClCompile>
    <ClCompile Include="静态链表_1.c">
      <Filter>源文件\线性表</Filter>
    </ClCompile>
    <ClCompile Include="循环链表_1.c">
      <Filter>源文件\线性表</Filter>
    </ClCompile>
    <ClCompile Include="双向链表_1.c">
      <Filter>源文件\线性表</Filter>
    </ClCompile>
    <ClCompile Include="SqStack_1.c">
      <Filter>源文件\栈与队列\Stack</Filter>
    </ClCompile>
    <ClCompile Include="逆波兰表示四则运算_未完成.c">
      <Filter>源文件\栈与队列\Stack</Filter>
    </ClCompile>
    <ClCompile Include="SqDoubleStack.c">
      <Filter>源文件\栈与队列\Stack</Filter>
    </ClCompile>
    <ClCompile Include="recursion_1.c">
      <Filter>源文件\栈与队列\Stack</Filter>
    </ClCompile>
    <ClCompile Include="LinkStack_1.c">
      <Filter>源文件\栈与队列\Stack</Filter>
    </ClCompile>
    <ClCompile Include="SqQueue_1.c">
      <Filter>源文件\栈与队列\Queue</Filter>
    </ClCompile>
    <ClCompile Include="SqQueue_2.c">
      <Filter>源文件\栈与队列\Queue</Filter>
    </ClCompile>
    <ClCompile Include="LinkQueue_1.c">
      <Filter>源文件\栈与队列\Queue</Filter>
    </ClCompile>
    <ClCompile Include="String_1.c">
      <Filter>源文件\串</Filter>
    </ClCompile>
    <ClCompile Include="PTree_1.c">
      <Filter>源文件\树</Filter>
    </ClCompile>
    <ClCompile Include="BinaryTree_1.c">
      <Filter>源文件\树</Filter>
    </ClCompile>
    <ClCompile Include="Threaded_Binary_Tree_1.c">
      <Filter>源文件\树</Filter>
    </ClCompile>
    <ClCompile Include="HuffTree_1.c">
      <Filter>源文件\树</Filter>
    </ClCompile>
    <ClCompile Include="AMGraph_1.c">
      <Filter>源文件\图</Filter>
    </ClCompile>
    <ClCompile Include="default.h">
      <Filter>头文件</Filter>
    </ClCompile>
  </ItemGroup>
</Project>